<?xml version="1.0" encoding="utf-8"?>
<Project ToolsVersion="4.0" xmlns="http://schemas.microsoft.com/developer/msbuild/2003">
  <ItemGroup>
    <Filter Include="Source Files">
      <UniqueIdentifier>{4FC737F1-C7A5-4376-A066-2A32D752A2FF}</UniqueIdentifier>
      <Extensions>cpp;c;cc;cxx;c++;cppm;ixx;def;odl;idl;hpj;bat;asm;asmx</Extensions>
    </Filter>
    <Filter Include="Header Files">
      <UniqueIdentifier>{93995380-89BD-4b04-88EB-625FBE52EBFB}</UniqueIdentifier>
      <Extensions>h;hh;hpp;hxx;h++;hm;inl;inc;ipp;xsd</Extensions>
    </Filter>
    <Filter Include="Resource Files">
      <UniqueIdentifier>{67DA6AB6-F800-4c08-8B7A-83BB121AAD01}</UniqueIdentifier>
      <Extensions>rc;ico;cur;bmp;dlg;rc2;rct;bin;rgs;gif;jpg;jpeg;jpe;resx;tiff;tif;png;wav;mfcribbon-ms</Extensions>
    </Filter>
    <Filter Include="Resource Files\Shaders">
      <UniqueIdentifier>{d32c9e19-978c-40b5-91a2-3fab5ec3f6ae}</UniqueIdentifier>
    </Filter>
    <Filter Include="Resource Files\Textures">
      <UniqueIdentifier>{2f75b228-55c5-46fc-8513-53cea2d509e0}</UniqueIdentifier>
    </Filter>
    <Filter Include="Resource Files\Shaders\LightingSource">
      <UniqueIdentifier>{3549f33c-0bb3-4fd1-88a8-c0b8b4742780}</UniqueIdentifier>
    </Filter>
    <Filter Include="GUI">
      <UniqueIdentifier>{e90f9d10-14e8-4c67-bfe3-f5cf1553d929}</UniqueIdentifier>
    </Filter>
    <Filter Include="Resource Files\Specular">
      <UniqueIdentifier>{0774b116-135d-4b8f-b840-019e8e067171}</UniqueIdentifier>
    </Filter>
    <Filter Include="Resource Files\Shaders\Object">
      <UniqueIdentifier>{66ddd3a9-bef9-48bb-b851-865e4daad558}</UniqueIdentifier>
    </Filter>
    <Filter Include="Outer">
      <UniqueIdentifier>{4dc88a2b-bc4f-4597-8f2b-dbe1fadc3bcf}</UniqueIdentifier>
    </Filter>
    <Filter Include="Source Files\Buffers Objects Source">
      <UniqueIdentifier>{02ec9f7b-6640-438d-b2a6-637218209071}</UniqueIdentifier>
    </Filter>
    <Filter Include="Header Files\Buffers Objects Header">
      <UniqueIdentifier>{ad696b4b-5be3-436a-9403-0cdbb94c7041}</UniqueIdentifier>
    </Filter>
  </ItemGroup>
  <ItemGroup>
    <ClCompile Include="main.cpp">
      <Filter>Source Files</Filter>
    </ClCompile>
    <ClCompile Include="Shader.cpp">
      <Filter>Source Files</Filter>
    </ClCompile>
    <ClCompile Include="Texture.cpp">
      <Filter>Source Files</Filter>
    </ClCompile>
    <ClCompile Include="Camera.cpp">
      <Filter>Source Files</Filter>
    </ClCompile>
    <ClCompile Include="imgui\backends\imgui_impl_glfw.cpp">
      <Filter>GUI</Filter>
    </ClCompile>
    <ClCompile Include="imgui\imgui_widgets.cpp">
      <Filter>GUI</Filter>
    </ClCompile>
    <ClCompile Include="imgui\backends\imgui_impl_opengl3.cpp">
      <Filter>GUI</Filter>
    </ClCompile>
    <ClCompile Include="imgui\imgui_draw.cpp">
      <Filter>GUI</Filter>
    </ClCompile>
    <ClCompile Include="imgui\imgui.cpp">
      <Filter>GUI</Filter>
    </ClCompile>
    <ClCompile Include="imgui\imgui_demo.cpp">
      <Filter>GUI</Filter>
    </ClCompile>
    <ClCompile Include="imgui\imgui_tables.cpp">
      <Filter>GUI</Filter>
    </ClCompile>
    <ClCompile Include="Object.cpp">
      <Filter>Source Files</Filter>
    </ClCompile>
    <ClCompile Include="GUI.cpp">
      <Filter>Source Files</Filter>
    </ClCompile>
    <ClCompile Include="Light.cpp">
      <Filter>Source Files</Filter>
    </ClCompile>
    <ClCompile Include="Transform.cpp">
      <Filter>Source Files</Filter>
    </ClCompile>
    <ClCompile Include="MenageShaders.cpp">
      <Filter>Source Files</Filter>
    </ClCompile>
    <ClCompile Include="Importer.cpp">
      <Filter>Source Files</Filter>
    </ClCompile>
    <ClCompile Include="glad.c">
      <Filter>Outer</Filter>
    </ClCompile>
    <ClCompile Include="stb.cpp">
      <Filter>Outer</Filter>
    </ClCompile>
    <ClCompile Include="VBO.cpp">
      <Filter>Source Files\Buffers Objects Source</Filter>
    </ClCompile>
    <ClCompile Include="VAO.cpp">
      <Filter>Source Files\Buffers Objects Source</Filter>
    </ClCompile>
    <ClCompile Include="EBO.cpp">
      <Filter>Source Files\Buffers Objects Source</Filter>
    </ClCompile>
    <ClCompile Include="UnifformBufferObject.cpp">
      <Filter>Source Files\Buffers Objects Source</Filter>
    </ClCompile>
    <ClCompile Include="RenderFlags.cpp">
      <Filter>Source Files</Filter>
    </ClCompile>
    <ClCompile Include="Material.cpp">
      <Filter>Source Files</Filter>
    </ClCompile>
  </ItemGroup>
  <ItemGroup>
    <None Include="lightingSourceShader.vert">
      <Filter>Resource Files\Shaders\LightingSource</Filter>
    </None>
    <None Include="lightingSourceShader.frag">
      <Filter>Resource Files\Shaders\LightingSource</Filter>
    </None>
    <None Include="imgui.natstepfilter">
      <Filter>GUI</Filter>
    </None>
    <None Include="default.vert">
      <Filter>Resource Files\Shaders\Object</Filter>
    </None>
    <None Include="ClassDiagram.cd" />
    <None Include="default_obj.vert">
      <Filter>Resource Files\Shaders</Filter>
    </None>
    <None Include="default_obj.frag">
      <Filter>Resource Files\Shaders</Filter>
    </None>
  </ItemGroup>
  <ItemGroup>
    <ClInclude Include="Shader.h">
      <Filter>Header Files</Filter>
    </ClInclude>
    <ClInclude Include="Texture.h">
      <Filter>Header Files</Filter>
    </ClInclude>
    <ClInclude Include="Camera.h">
      <Filter>Header Files</Filter>
    </ClInclude>
    <ClInclude Include="Object.h">
      <Filter>Header Files</Filter>
    </ClInclude>
    <ClInclude Include="GUI.h">
      <Filter>Header Files</Filter>
    </ClInclude>
    <ClInclude Include="Light.h">
      <Filter>Header Files</Filter>
    </ClInclude>
    <ClInclude Include="Transform.h">
      <Filter>Header Files</Filter>
    </ClInclude>
    <ClInclude Include="MenageShaders.h">
      <Filter>Header Files</Filter>
    </ClInclude>
    <ClInclude Include="Importer.h">
      <Filter>Header Files</Filter>
    </ClInclude>
    <ClInclude Include="EBO.h">
      <Filter>Header Files\Buffers Objects Header</Filter>
    </ClInclude>
    <ClInclude Include="VBO.h">
      <Filter>Header Files\Buffers Objects Header</Filter>
    </ClInclude>
    <ClInclude Include="VAO.h">
      <Filter>Header Files\Buffers Objects Header</Filter>
    </ClInclude>
    <ClInclude Include="UnifformBufferObject.h">
      <Filter>Header Files\Buffers Objects Header</Filter>
    </ClInclude>
    <ClInclude Include="RenderFlags.h">
      <Filter>Header Files</Filter>
    </ClInclude>
    <ClInclude Include="Material.h">
      <Filter>Header Files</Filter>
    </ClInclude>
  </ItemGroup>
  <ItemGroup>
    <Image Include="Textures\oak.png">
      <Filter>Resource Files\Textures</Filter>
    </Image>
    <Image Include="Textures\planks.png">
      <Filter>Resource Files\Textures</Filter>
    </Image>
    <Image Include="Textures\pop_cat.png">
      <Filter>Resource Files\Textures</Filter>
    </Image>
    <Image Include="Textures\run.png">
      <Filter>Resource Files\Textures</Filter>
    </Image>
    <Image Include="Textures\wall.jpg">
      <Filter>Resource Files\Textures</Filter>
    </Image>
    <Image Include="Textures\wood.png">
      <Filter>Resource Files\Textures</Filter>
    </Image>
    <Image Include="Textures\awesomeface.png">
      <Filter>Resource Files\Textures</Filter>
    </Image>
    <Image Include="Textures\chicken_image.png">
      <Filter>Resource Files\Textures</Filter>
    </Image>
    <Image Include="Textures\container.jpg">
      <Filter>Resource Files\Textures</Filter>
    </Image>
    <Image Include="Textures\dj.png">
      <Filter>Resource Files\Textures</Filter>
    </Image>
    <Image Include="Textures\logo_skenons.png">
      <Filter>Resource Files\Textures</Filter>
    </Image>
    <Image Include="Textures\Specular\planksSpec.png">
      <Filter>Resource Files\Specular</Filter>
    </Image>
    <Image Include="Textures\Specular\oakSpec.png">
      <Filter>Resource Files\Specular</Filter>
    </Image>
  </ItemGroup>
  <ItemGroup>
    <Natvis Include="imgui.natvis">
      <Filter>GUI</Filter>
    </Natvis>
  </ItemGroup>
  <ItemGroup>
    <Text Include="default.frag">
      <Filter>Resource Files\Shaders\Object</Filter>
    </Text>
  </ItemGroup>
</Project>