
Microsoft Visual Studio Solution File, Format Version 12.00
# Visual Studio Version 16
VisualStudioVersion = 16.0.33328.57
MinimumVisualStudioVersion = 10.0.40219.1
Project("{8BC9CEB8-8B4A-11D0-8D11-00A0C91BC942}") = "OpenGL_Victor_Gordan_1Oktombar2024", "OpenGL_Victor_Gordan_1Oktombar2024.vcxproj", "{AF99E696-0D88-428E-BD66-36B5A36EBD7D}"
EndProject
Global
	GlobalSection(SolutionConfigurationPlatforms) = preSolution
		Debug|x64 = Debug|x64
		Debug|x86 = Debug|x86
		Release|x64 = Release|x64
		Release|x86 = Release|x86
	EndGlobalSection
	GlobalSection(ProjectConfigurationPlatforms) = postSolution
		{AF99E696-0D88-428E-BD66-36B5A36EBD7D}.Debug|x64.ActiveCfg = Debug|x64
		{AF99E696-0D88-428E-BD66-36B5A36EBD7D}.Debug|x64.Build.0 = Debug|x64
		{AF99E696-0D88-428E-BD66-36B5A36EBD7D}.Debug|x86.ActiveCfg = Debug|Win32
		{AF99E696-0D88-428E-BD66-36B5A36EBD7D}.Debug|x86.Build.0 = Debug|Win32
		{AF99E696-0D88-428E-BD66-36B5A36EBD7D}.Release|x64.ActiveCfg = Release|x64
		{AF99E696-0D88-428E-BD66-36B5A36EBD7D}.Release|x64.Build.0 = Release|x64
		{AF99E696-0D88-428E-BD66-36B5A36EBD7D}.Release|x86.ActiveCfg = Release|Win32
		{AF99E696-0D88-428E-BD66-36B5A36EBD7D}.Release|x86.Build.0 = Release|Win32
	EndGlobalSection
	GlobalSection(SolutionProperties) = preSolution
		HideSolutionNode = FALSE
	EndGlobalSection
	GlobalSection(ExtensibilityGlobals) = postSolution
		SolutionGuid = {229E8A33-97F1-4D32-BDD6-4411567B76FD}
	EndGlobalSection
EndGlobal
